
Microsoft Visual Studio Solution File, Format Version 12.00
# Visual Studio Version 16
VisualStudioVersion = 16.0.30711.63
MinimumVisualStudioVersion = 10.0.40219.1
Project("{FAE04EC0-301F-11D3-BF4B-00C04F79EFBC}") = "MercenaryDiplomacyFix", "MercenaryDiplomacyFix.csproj", "{2861AEA2-CDA0-4BE8-85CE-721418C45030}"
EndProject
Global
	GlobalSection(SolutionConfigurationPlatforms) = preSolution
		Debug|x64 = Debug|x64
		Release|x64 = Release|x64
	EndGlobalSection
	GlobalSection(ProjectConfigurationPlatforms) = postSolution
		{2861AEA2-CDA0-4BE8-85CE-721418C45030}.Debug|x64.ActiveCfg = Debug|x64
		{2861AEA2-CDA0-4BE8-85CE-721418C45030}.Debug|x64.Build.0 = Debug|x64
		{2861AEA2-CDA0-4BE8-85CE-721418C45030}.Release|x64.ActiveCfg = Release|x64
		{2861AEA2-CDA0-4BE8-85CE-721418C45030}.Release|x64.Build.0 = Release|x64
	EndGlobalSection
	GlobalSection(SolutionProperties) = preSolution
		HideSolutionNode = FALSE
	EndGlobalSection
	GlobalSection(ExtensibilityGlobals) = postSolution
		SolutionGuid = {B840C3EC-E870-48AD-B72E-F9491A455094}
	EndGlobalSection
EndGlobal
